{
    "_readme": [
        "This file locks the dependencies of your project to a known state",
        "Read more about it at https://getcomposer.org/doc/01-basic-usage.md#composer-lock-the-lock-file",
        "This file is @generated automatically"
    ],
    "hash": "b36d1a2d946f9f49bdedb48a8152ff10",
    "packages": [
        {
            "name": "learninglocker/moodle-log-expander",
            "version": "dev-master",
            "source": {
                "type": "git",
                "url": "https://github.com/LearningLocker/Moodle-Log-Expander.git",
                "reference": "e5ba31da9f1f5f4f54874170c8f75081c2eb8bc7"
            },
            "dist": {
                "type": "zip",
                "url": "https://api.github.com/repos/LearningLocker/Moodle-Log-Expander/zipball/e5ba31da9f1f5f4f54874170c8f75081c2eb8bc7",
                "reference": "e5ba31da9f1f5f4f54874170c8f75081c2eb8bc7",
                "shasum": ""
            },
            "require-dev": {
                "phpunit/phpunit": "~4.6"
            },
            "type": "library",
            "autoload": {
                "psr-4": {
                    "LogExpander\\": "src/",
                    "Tests\\": "tests/"
                }
            },
            "notification-url": "https://packagist.org/downloads/",
            "license": [
                "GPL v3"
            ],
            "time": "2015-06-16 13:21:06"
        },
        {
            "name": "learninglocker/moodle-xapi-translator",
            "version": "dev-master",
            "source": {
                "type": "git",
                "url": "https://github.com/LearningLocker/Moodle-xAPI-Translator.git",
                "reference": "5de936993ec26d3067b1af98f4527b6c4fb28198"
            },
            "dist": {
                "type": "zip",
                "url": "https://api.github.com/repos/LearningLocker/Moodle-xAPI-Translator/zipball/5de936993ec26d3067b1af98f4527b6c4fb28198",
                "reference": "5de936993ec26d3067b1af98f4527b6c4fb28198",
                "shasum": ""
            },
            "require-dev": {
                "phpunit/phpunit": "~4.6"
            },
            "type": "library",
            "autoload": {
                "psr-4": {
                    "MXTranslator\\": "src/",
                    "Tests\\": "tests/"
                }
            },
            "notification-url": "https://packagist.org/downloads/",
            "license": [
                "GPL v3"
            ],
            "time": "2015-06-16 14:45:26"
        },
        {
            "name": "learninglocker/xapi-recipe-emitter",
            "version": "dev-master",
            "source": {
                "type": "git",
                "url": "https://github.com/LearningLocker/xAPI-Recipe-Emitter.git",
                "reference": "c86d71de017ff3037a273de7600528c16bc893c5"
            },
            "dist": {
                "type": "zip",
                "url": "https://api.github.com/repos/LearningLocker/xAPI-Recipe-Emitter/zipball/c86d71de017ff3037a273de7600528c16bc893c5",
                "reference": "c86d71de017ff3037a273de7600528c16bc893c5",
                "shasum": ""
            },
            "require": {
                "rusticisoftware/tincan": "0.12.*"
            },
            "require-dev": {
                "phpunit/phpunit": "~4.6"
            },
            "type": "library",
            "autoload": {
                "psr-4": {
                    "XREmitter\\": "src/",
                    "Tests\\": "tests/"
                }
            },
            "notification-url": "https://packagist.org/downloads/",
            "license": [
                "GPL v3"
            ],
            "time": "2015-06-16 15:37:43"
        },
        {
            "name": "rusticisoftware/tincan",
            "version": "0.12.0",
            "source": {
                "type": "git",
                "url": "https://github.com/RusticiSoftware/TinCanPHP.git",
                "reference": "93c1cef7962fbf4ef7b55481fcfaedd71de8924a"
            },
            "dist": {
                "type": "zip",
                "url": "https://api.github.com/repos/RusticiSoftware/TinCanPHP/zipball/93c1cef7962fbf4ef7b55481fcfaedd71de8924a",
                "reference": "93c1cef7962fbf4ef7b55481fcfaedd71de8924a",
                "shasum": ""
            },
            "require": {
                "php": "~5.4"
            },
            "require-dev": {
                "phpdocumentor/phpdocumentor": "2.*",
                "phpunit/phpunit": "@stable"
            },
            "type": "library",
            "autoload": {
                "psr-4": {
                    "TinCan\\": "src/"
                }
            },
            "notification-url": "https://packagist.org/downloads/",
            "license": [
                "Apache-2.0"
            ],
            "authors": [
                {
                    "name": "Brian J. Miller",
                    "email": "brian.miller@tincanapi.com",
                    "role": "Developer"
                }
            ],
            "description": "Tin Can API Library",
            "homepage": "http://rusticisoftware.github.io/TinCanPHP/",
            "keywords": [
                "Experience API",
                "e-learning",
                "scorm",
                "tin can",
                "tincan",
                "xAPI"
            ],
            "time": "2015-01-15 16:36:29"
        }
    ],
    "packages-dev": null,
    "aliases": [],
    "minimum-stability": "stable",
    "stability-flags": {
        "learninglocker/moodle-log-expander": 20,
        "learninglocker/moodle-xapi-translator": 20,
        "learninglocker/xapi-recipe-emitter": 20
    },
    "prefer-stable": false,
    "prefer-lowest": false,
    "platform": [],
    "platform-dev": []
}
