{
    "_readme": [
        "This file locks the dependencies of your project to a known state",
        "Read more about it at https://getcomposer.org/doc/01-basic-usage.md#composer-lock-the-lock-file",
        "This file is @generated automatically"
    ],
    "hash": "e9389d2230680fb08c14c8efa6c01b9c",
    "packages": [
        {
            "name": "learninglocker/moodle-log-expander",
            "version": "dev-master",
            "source": {
                "type": "git",
                "url": "https://github.com/LearningLocker/Moodle-Log-Expander.git",
                "reference": "323cf39cbfa3841d1a843157d971bcabe10efffb"
            },
            "dist": {
                "type": "zip",
                "url": "https://api.github.com/repos/LearningLocker/Moodle-Log-Expander/zipball/323cf39cbfa3841d1a843157d971bcabe10efffb",
                "reference": "323cf39cbfa3841d1a843157d971bcabe10efffb",
                "shasum": ""
            },
            "require-dev": {
                "phpunit/phpunit": "~4.6"
            },
            "type": "library",
            "autoload": {
                "psr-4": {
                    "LogExpander\\": "src/",
                    "Tests\\": "tests/"
                }
            },
            "notification-url": "https://packagist.org/downloads/",
            "license": [
                "GPL v3"
            ],
            "time": "2015-06-18 10:49:13"
        },
        {
            "name": "learninglocker/moodle-xapi-translator",
            "version": "dev-master",
            "source": {
                "type": "git",
                "url": "https://github.com/LearningLocker/Moodle-xAPI-Translator.git",
                "reference": "645596ff24731cd06db1e77c0404166d8ce35620"
            },
            "dist": {
                "type": "zip",
                "url": "https://api.github.com/repos/LearningLocker/Moodle-xAPI-Translator/zipball/645596ff24731cd06db1e77c0404166d8ce35620",
                "reference": "645596ff24731cd06db1e77c0404166d8ce35620",
                "shasum": ""
            },
            "require-dev": {
                "phpunit/phpunit": "~4.6"
            },
            "type": "library",
            "autoload": {
                "psr-4": {
                    "MXTranslator\\": "src/",
                    "Tests\\": "tests/"
                }
            },
            "notification-url": "https://packagist.org/downloads/",
            "license": [
                "GPL v3"
            ],
            "time": "2015-06-18 11:01:48"
        },
        {
            "name": "learninglocker/xapi-recipe-emitter",
            "version": "dev-master",
            "source": {
                "type": "git",
                "url": "https://github.com/LearningLocker/xAPI-Recipe-Emitter.git",
                "reference": "9641afb438872fc0c270a67c88ca2966185ff905"
            },
            "dist": {
                "type": "zip",
                "url": "https://api.github.com/repos/LearningLocker/xAPI-Recipe-Emitter/zipball/9641afb438872fc0c270a67c88ca2966185ff905",
                "reference": "9641afb438872fc0c270a67c88ca2966185ff905",
                "shasum": ""
            },
            "require": {
                "rusticisoftware/tincan": "0.12.*"
            },
            "require-dev": {
                "phpunit/phpunit": "~4.6"
            },
            "type": "library",
            "autoload": {
                "psr-4": {
                    "XREmitter\\": "src/",
                    "Tests\\": "tests/"
                }
            },
            "notification-url": "https://packagist.org/downloads/",
            "license": [
                "GPL v3"
            ],
            "time": "2015-06-18 10:30:25"
        },
        {
            "name": "rusticisoftware/tincan",
            "version": "0.12.0",
            "source": {
                "type": "git",
                "url": "https://github.com/RusticiSoftware/TinCanPHP.git",
                "reference": "93c1cef7962fbf4ef7b55481fcfaedd71de8924a"
            },
            "dist": {
                "type": "zip",
                "url": "https://api.github.com/repos/RusticiSoftware/TinCanPHP/zipball/93c1cef7962fbf4ef7b55481fcfaedd71de8924a",
                "reference": "93c1cef7962fbf4ef7b55481fcfaedd71de8924a",
                "shasum": ""
            },
            "require": {
                "php": "~5.4"
            },
            "require-dev": {
                "phpdocumentor/phpdocumentor": "2.*",
                "phpunit/phpunit": "@stable"
            },
            "type": "library",
            "autoload": {
                "psr-4": {
                    "TinCan\\": "src/"
                }
            },
            "notification-url": "https://packagist.org/downloads/",
            "license": [
                "Apache-2.0"
            ],
            "authors": [
                {
                    "name": "Brian J. Miller",
                    "email": "brian.miller@tincanapi.com",
                    "role": "Developer"
                }
            ],
            "description": "Tin Can API Library",
            "homepage": "http://rusticisoftware.github.io/TinCanPHP/",
            "keywords": [
                "Experience API",
                "e-learning",
                "scorm",
                "tin can",
                "tincan",
                "xAPI"
            ],
            "time": "2015-01-15 16:36:29"
        }
    ],
    "packages-dev": null,
    "aliases": [],
    "minimum-stability": "stable",
    "stability-flags": {
        "learninglocker/moodle-log-expander": 20,
        "learninglocker/moodle-xapi-translator": 20,
        "learninglocker/xapi-recipe-emitter": 20
    },
    "prefer-stable": false,
    "prefer-lowest": false,
    "platform": [],
    "platform-dev": []
}
